
Microsoft Visual Studio Solution File, Format Version 12.00
# Visual Studio Version 16
VisualStudioVersion = 16.0.29318.209
MinimumVisualStudioVersion = 10.0.40219.1
Project("{FAE04EC0-301F-11D3-BF4B-00C04F79EFBC}") = "TaxBackApp", "TaxBackApp\TaxBackApp.csproj", "{8E8FF248-408F-4771-91EB-0BD858C5E778}"
EndProject
Global
	GlobalSection(SolutionConfigurationPlatforms) = preSolution
		Debug|Any CPU = Debug|Any CPU
		Release|Any CPU = Release|Any CPU
	EndGlobalSection
	GlobalSection(ProjectConfigurationPlatforms) = postSolution
		{8E8FF248-408F-4771-91EB-0BD858C5E778}.Debug|Any CPU.ActiveCfg = Debug|Any CPU
		{8E8FF248-408F-4771-91EB-0BD858C5E778}.Debug|Any CPU.Build.0 = Debug|Any CPU
		{8E8FF248-408F-4771-91EB-0BD858C5E778}.Release|Any CPU.ActiveCfg = Release|Any CPU
		{8E8FF248-408F-4771-91EB-0BD858C5E778}.Release|Any CPU.Build.0 = Release|Any CPU
	EndGlobalSection
	GlobalSection(SolutionProperties) = preSolution
		HideSolutionNode = FALSE
	EndGlobalSection
	GlobalSection(ExtensibilityGlobals) = postSolution
		SolutionGuid = {4B5EEAFC-5CDD-40B7-8122-ECE769B46F30}
	EndGlobalSection
EndGlobal
